// !$*UTF8*$!
{
	archiveVersion = 1;
	classes = {
	};
	objectVersion = 48;
	objects = {

/* Begin PBXBuildFile section */
		213584952049931200A312FC /* DemoScreen.png in Resources */ = {isa = PBXBuildFile; fileRef = 213584942049931200A312FC /* DemoScreen.png */; };
		213AEFF820491ECD0001D9F1 /* Utility.swift in Sources */ = {isa = PBXBuildFile; fileRef = 213AEFF720491ECD0001D9F1 /* Utility.swift */; };
		213AEFFD204920580001D9F1 /* Reachability.m in Sources */ = {isa = PBXBuildFile; fileRef = 213AEFFB204920580001D9F1 /* Reachability.m */; };
		213AF00020492CAF0001D9F1 /* add_photo@2x.png in Resources */ = {isa = PBXBuildFile; fileRef = 213AEFFE20492CAF0001D9F1 /* add_photo@2x.png */; };
		213AF00120492CAF0001D9F1 /* add_photo@3x.png in Resources */ = {isa = PBXBuildFile; fileRef = 213AEFFF20492CAF0001D9F1 /* add_photo@3x.png */; };
		2171C96C20484DA0007BC4E9 /* AppDelegate.swift in Sources */ = {isa = PBXBuildFile; fileRef = 2171C96B20484DA0007BC4E9 /* AppDelegate.swift */; };
		2171C96E20484DA0007BC4E9 /* ViewController.swift in Sources */ = {isa = PBXBuildFile; fileRef = 2171C96D20484DA0007BC4E9 /* ViewController.swift */; };
		2171C97120484DA0007BC4E9 /* Main.storyboard in Resources */ = {isa = PBXBuildFile; fileRef = 2171C96F20484DA0007BC4E9 /* Main.storyboard */; };
		2171C97320484DA0007BC4E9 /* Assets.xcassets in Resources */ = {isa = PBXBuildFile; fileRef = 2171C97220484DA0007BC4E9 /* Assets.xcassets */; };
		2171C97620484DA0007BC4E9 /* LaunchScreen.storyboard in Resources */ = {isa = PBXBuildFile; fileRef = 2171C97420484DA0007BC4E9 /* LaunchScreen.storyboard */; };
		2171C98120484DA0007BC4E9 /* ProfileTests.swift in Sources */ = {isa = PBXBuildFile; fileRef = 2171C98020484DA0007BC4E9 /* ProfileTests.swift */; };
		2171C98C20484DA0007BC4E9 /* ProfileUITests.swift in Sources */ = {isa = PBXBuildFile; fileRef = 2171C98B20484DA0007BC4E9 /* ProfileUITests.swift */; };
		2171C9D62048585B007BC4E9 /* default@2x.png in Resources */ = {isa = PBXBuildFile; fileRef = 2171C9D42048585A007BC4E9 /* default@2x.png */; };
		2171C9D72048585B007BC4E9 /* default@3x.png in Resources */ = {isa = PBXBuildFile; fileRef = 2171C9D52048585A007BC4E9 /* default@3x.png */; };
/* End PBXBuildFile section */

/* Begin PBXContainerItemProxy section */
		2171C97D20484DA0007BC4E9 /* PBXContainerItemProxy */ = {
			isa = PBXContainerItemProxy;
			containerPortal = 2171C96020484D9F007BC4E9 /* Project object */;
			proxyType = 1;
			remoteGlobalIDString = 2171C96720484DA0007BC4E9;
			remoteInfo = Profile;
		};
		2171C98820484DA0007BC4E9 /* PBXContainerItemProxy */ = {
			isa = PBXContainerItemProxy;
			containerPortal = 2171C96020484D9F007BC4E9 /* Project object */;
			proxyType = 1;
			remoteGlobalIDString = 2171C96720484DA0007BC4E9;
			remoteInfo = Profile;
		};
/* End PBXContainerItemProxy section */

/* Begin PBXFileReference section */
		213584942049931200A312FC /* DemoScreen.png */ = {isa = PBXFileReference; lastKnownFileType = image.png; path = DemoScreen.png; sourceTree = "<group>"; };
		213AEFF720491ECD0001D9F1 /* Utility.swift */ = {isa = PBXFileReference; lastKnownFileType = sourcecode.swift; path = Utility.swift; sourceTree = "<group>"; };
		213AEFFA204920570001D9F1 /* Profile-Bridging-Header.h */ = {isa = PBXFileReference; lastKnownFileType = sourcecode.c.h; path = "Profile-Bridging-Header.h"; sourceTree = "<group>"; };
		213AEFFB204920580001D9F1 /* Reachability.m */ = {isa = PBXFileReference; fileEncoding = 4; lastKnownFileType = sourcecode.c.objc; path = Reachability.m; sourceTree = "<group>"; };
		213AEFFC204920580001D9F1 /* Reachability.h */ = {isa = PBXFileReference; fileEncoding = 4; lastKnownFileType = sourcecode.c.h; path = Reachability.h; sourceTree = "<group>"; };
		213AEFFE20492CAF0001D9F1 /* add_photo@2x.png */ = {isa = PBXFileReference; lastKnownFileType = image.png; path = "add_photo@2x.png"; sourceTree = "<group>"; };
		213AEFFF20492CAF0001D9F1 /* add_photo@3x.png */ = {isa = PBXFileReference; lastKnownFileType = image.png; path = "add_photo@3x.png"; sourceTree = "<group>"; };
		2171C96820484DA0007BC4E9 /* Profile.app */ = {isa = PBXFileReference; explicitFileType = wrapper.application; includeInIndex = 0; path = Profile.app; sourceTree = BUILT_PRODUCTS_DIR; };
		2171C96B20484DA0007BC4E9 /* AppDelegate.swift */ = {isa = PBXFileReference; lastKnownFileType = sourcecode.swift; path = AppDelegate.swift; sourceTree = "<group>"; };
		2171C96D20484DA0007BC4E9 /* ViewController.swift */ = {isa = PBXFileReference; lastKnownFileType = sourcecode.swift; path = ViewController.swift; sourceTree = "<group>"; };
		2171C97020484DA0007BC4E9 /* Base */ = {isa = PBXFileReference; lastKnownFileType = file.storyboard; name = Base; path = Base.lproj/Main.storyboard; sourceTree = "<group>"; };
		2171C97220484DA0007BC4E9 /* Assets.xcassets */ = {isa = PBXFileReference; lastKnownFileType = folder.assetcatalog; path = Assets.xcassets; sourceTree = "<group>"; };
		2171C97520484DA0007BC4E9 /* Base */ = {isa = PBXFileReference; lastKnownFileType = file.storyboard; name = Base; path = Base.lproj/LaunchScreen.storyboard; sourceTree = "<group>"; };
		2171C97720484DA0007BC4E9 /* Info.plist */ = {isa = PBXFileReference; lastKnownFileType = text.plist.xml; path = Info.plist; sourceTree = "<group>"; };
		2171C97C20484DA0007BC4E9 /* ProfileTests.xctest */ = {isa = PBXFileReference; explicitFileType = wrapper.cfbundle; includeInIndex = 0; path = ProfileTests.xctest; sourceTree = BUILT_PRODUCTS_DIR; };
		2171C98020484DA0007BC4E9 /* ProfileTests.swift */ = {isa = PBXFileReference; lastKnownFileType = sourcecode.swift; path = ProfileTests.swift; sourceTree = "<group>"; };
		2171C98220484DA0007BC4E9 /* Info.plist */ = {isa = PBXFileReference; lastKnownFileType = text.plist.xml; path = Info.plist; sourceTree = "<group>"; };
		2171C98720484DA0007BC4E9 /* ProfileUITests.xctest */ = {isa = PBXFileReference; explicitFileType = wrapper.cfbundle; includeInIndex = 0; path = ProfileUITests.xctest; sourceTree = BUILT_PRODUCTS_DIR; };
		2171C98B20484DA0007BC4E9 /* ProfileUITests.swift */ = {isa = PBXFileReference; lastKnownFileType = sourcecode.swift; path = ProfileUITests.swift; sourceTree = "<group>"; };
		2171C98D20484DA0007BC4E9 /* Info.plist */ = {isa = PBXFileReference; lastKnownFileType = text.plist.xml; path = Info.plist; sourceTree = "<group>"; };
		2171C9D42048585A007BC4E9 /* default@2x.png */ = {isa = PBXFileReference; lastKnownFileType = image.png; path = "default@2x.png"; sourceTree = "<group>"; };
		2171C9D52048585A007BC4E9 /* default@3x.png */ = {isa = PBXFileReference; lastKnownFileType = image.png; path = "default@3x.png"; sourceTree = "<group>"; };
/* End PBXFileReference section */

/* Begin PBXFrameworksBuildPhase section */
		2171C96520484DA0007BC4E9 /* Frameworks */ = {
			isa = PBXFrameworksBuildPhase;
			buildActionMask = 2147483647;
			files = (
			);
			runOnlyForDeploymentPostprocessing = 0;
		};
		2171C97920484DA0007BC4E9 /* Frameworks */ = {
			isa = PBXFrameworksBuildPhase;
			buildActionMask = 2147483647;
			files = (
			);
			runOnlyForDeploymentPostprocessing = 0;
		};
		2171C98420484DA0007BC4E9 /* Frameworks */ = {
			isa = PBXFrameworksBuildPhase;
			buildActionMask = 2147483647;
			files = (
			);
			runOnlyForDeploymentPostprocessing = 0;
		};
/* End PBXFrameworksBuildPhase section */

/* Begin PBXGroup section */
		213AEFF9204920450001D9F1 /* Reachability */ = {
			isa = PBXGroup;
			children = (
				213AEFFC204920580001D9F1 /* Reachability.h */,
				213AEFFB204920580001D9F1 /* Reachability.m */,
				213AEFFA204920570001D9F1 /* Profile-Bridging-Header.h */,
			);
			path = Reachability;
			sourceTree = "<group>";
		};
		2171C95F20484D9F007BC4E9 = {
			isa = PBXGroup;
			children = (
				2171C96A20484DA0007BC4E9 /* Profile */,
				2171C97F20484DA0007BC4E9 /* ProfileTests */,
				2171C98A20484DA0007BC4E9 /* ProfileUITests */,
				2171C96920484DA0007BC4E9 /* Products */,
			);
			sourceTree = "<group>";
		};
		2171C96920484DA0007BC4E9 /* Products */ = {
			isa = PBXGroup;
			children = (
				2171C96820484DA0007BC4E9 /* Profile.app */,
				2171C97C20484DA0007BC4E9 /* ProfileTests.xctest */,
				2171C98720484DA0007BC4E9 /* ProfileUITests.xctest */,
			);
			name = Products;
			sourceTree = "<group>";
		};
		2171C96A20484DA0007BC4E9 /* Profile */ = {
			isa = PBXGroup;
			children = (
				2171C96B20484DA0007BC4E9 /* AppDelegate.swift */,
				2171C96D20484DA0007BC4E9 /* ViewController.swift */,
				213AEFF720491ECD0001D9F1 /* Utility.swift */,
				2171C96F20484DA0007BC4E9 /* Main.storyboard */,
				2171C97220484DA0007BC4E9 /* Assets.xcassets */,
				2171C97420484DA0007BC4E9 /* LaunchScreen.storyboard */,
				2171C97720484DA0007BC4E9 /* Info.plist */,
				213AEFF9204920450001D9F1 /* Reachability */,
				2171C9D320485851007BC4E9 /* Images */,
			);
			path = Profile;
			sourceTree = "<group>";
		};
		2171C97F20484DA0007BC4E9 /* ProfileTests */ = {
			isa = PBXGroup;
			children = (
				2171C98020484DA0007BC4E9 /* ProfileTests.swift */,
				2171C98220484DA0007BC4E9 /* Info.plist */,
			);
			path = ProfileTests;
			sourceTree = "<group>";
		};
		2171C98A20484DA0007BC4E9 /* ProfileUITests */ = {
			isa = PBXGroup;
			children = (
				2171C98B20484DA0007BC4E9 /* ProfileUITests.swift */,
				2171C98D20484DA0007BC4E9 /* Info.plist */,
			);
			path = ProfileUITests;
			sourceTree = "<group>";
		};
		2171C9D320485851007BC4E9 /* Images */ = {
			isa = PBXGroup;
			children = (
				213AEFFE20492CAF0001D9F1 /* add_photo@2x.png */,
				213AEFFF20492CAF0001D9F1 /* add_photo@3x.png */,
				2171C9D42048585A007BC4E9 /* default@2x.png */,
				2171C9D52048585A007BC4E9 /* default@3x.png */,
				213584942049931200A312FC /* DemoScreen.png */,
			);
			path = Images;
			sourceTree = "<group>";
		};
/* End PBXGroup section */

/* Begin PBXNativeTarget section */
		2171C96720484DA0007BC4E9 /* Profile */ = {
			isa = PBXNativeTarget;
			buildConfigurationList = 2171C99020484DA0007BC4E9 /* Build configuration list for PBXNativeTarget "Profile" */;
			buildPhases = (
				2171C96420484DA0007BC4E9 /* Sources */,
				2171C96520484DA0007BC4E9 /* Frameworks */,
				2171C96620484DA0007BC4E9 /* Resources */,
			);
			buildRules = (
			);
			dependencies = (
			);
			name = Profile;
			productName = Profile;
			productReference = 2171C96820484DA0007BC4E9 /* Profile.app */;
			productType = "com.apple.product-type.application";
		};
		2171C97B20484DA0007BC4E9 /* ProfileTests */ = {
			isa = PBXNativeTarget;
			buildConfigurationList = 2171C99320484DA0007BC4E9 /* Build configuration list for PBXNativeTarget "ProfileTests" */;
			buildPhases = (
				2171C97820484DA0007BC4E9 /* Sources */,
				2171C97920484DA0007BC4E9 /* Frameworks */,
				2171C97A20484DA0007BC4E9 /* Resources */,
			);
			buildRules = (
			);
			dependencies = (
				2171C97E20484DA0007BC4E9 /* PBXTargetDependency */,
			);
			name = ProfileTests;
			productName = ProfileTests;
			productReference = 2171C97C20484DA0007BC4E9 /* ProfileTests.xctest */;
			productType = "com.apple.product-type.bundle.unit-test";
		};
		2171C98620484DA0007BC4E9 /* ProfileUITests */ = {
			isa = PBXNativeTarget;
			buildConfigurationList = 2171C99620484DA0007BC4E9 /* Build configuration list for PBXNativeTarget "ProfileUITests" */;
			buildPhases = (
				2171C98320484DA0007BC4E9 /* Sources */,
				2171C98420484DA0007BC4E9 /* Frameworks */,
				2171C98520484DA0007BC4E9 /* Resources */,
			);
			buildRules = (
			);
			dependencies = (
				2171C98920484DA0007BC4E9 /* PBXTargetDependency */,
			);
			name = ProfileUITests;
			productName = ProfileUITests;
			productReference = 2171C98720484DA0007BC4E9 /* ProfileUITests.xctest */;
			productType = "com.apple.product-type.bundle.ui-testing";
		};
/* End PBXNativeTarget section */

/* Begin PBXProject section */
		2171C96020484D9F007BC4E9 /* Project object */ = {
			isa = PBXProject;
			attributes = {
				LastSwiftUpdateCheck = 0910;
				LastUpgradeCheck = 0910;
				ORGANIZATIONNAME = arnab;
				TargetAttributes = {
					2171C96720484DA0007BC4E9 = {
						CreatedOnToolsVersion = 9.1;
						LastSwiftMigration = 0910;
						ProvisioningStyle = Automatic;
					};
					2171C97B20484DA0007BC4E9 = {
						CreatedOnToolsVersion = 9.1;
						ProvisioningStyle = Automatic;
						TestTargetID = 2171C96720484DA0007BC4E9;
					};
					2171C98620484DA0007BC4E9 = {
						CreatedOnToolsVersion = 9.1;
						ProvisioningStyle = Automatic;
						TestTargetID = 2171C96720484DA0007BC4E9;
					};
				};
			};
			buildConfigurationList = 2171C96320484D9F007BC4E9 /* Build configuration list for PBXProject "Profile" */;
			compatibilityVersion = "Xcode 8.0";
			developmentRegion = en;
			hasScannedForEncodings = 0;
			knownRegions = (
				en,
				Base,
			);
			mainGroup = 2171C95F20484D9F007BC4E9;
			productRefGroup = 2171C96920484DA0007BC4E9 /* Products */;
			projectDirPath = "";
			projectRoot = "";
			targets = (
				2171C96720484DA0007BC4E9 /* Profile */,
				2171C97B20484DA0007BC4E9 /* ProfileTests */,
				2171C98620484DA0007BC4E9 /* ProfileUITests */,
			);
		};
/* End PBXProject section */

/* Begin PBXResourcesBuildPhase section */
		2171C96620484DA0007BC4E9 /* Resources */ = {
			isa = PBXResourcesBuildPhase;
			buildActionMask = 2147483647;
			files = (
				2171C9D62048585B007BC4E9 /* default@2x.png in Resources */,
				213AF00020492CAF0001D9F1 /* add_photo@2x.png in Resources */,
				2171C97620484DA0007BC4E9 /* LaunchScreen.storyboard in Resources */,
				213AF00120492CAF0001D9F1 /* add_photo@3x.png in Resources */,
				2171C9D72048585B007BC4E9 /* default@3x.png in Resources */,
				2171C97320484DA0007BC4E9 /* Assets.xcassets in Resources */,
				213584952049931200A312FC /* DemoScreen.png in Resources */,
				2171C97120484DA0007BC4E9 /* Main.storyboard in Resources */,
			);
			runOnlyForDeploymentPostprocessing = 0;
		};
		2171C97A20484DA0007BC4E9 /* Resources */ = {
			isa = PBXResourcesBuildPhase;
			buildActionMask = 2147483647;
			files = (
			);
			runOnlyForDeploymentPostprocessing = 0;
		};
		2171C98520484DA0007BC4E9 /* Resources */ = {
			isa = PBXResourcesBuildPhase;
			buildActionMask = 2147483647;
			files = (
			);
			runOnlyForDeploymentPostprocessing = 0;
		};
/* End PBXResourcesBuildPhase section */

/* Begin PBXSourcesBuildPhase section */
		2171C96420484DA0007BC4E9 /* Sources */ = {
			isa = PBXSourcesBuildPhase;
			buildActionMask = 2147483647;
			files = (
				2171C96E20484DA0007BC4E9 /* ViewController.swift in Sources */,
				2171C96C20484DA0007BC4E9 /* AppDelegate.swift in Sources */,
				213AEFFD204920580001D9F1 /* Reachability.m in Sources */,
				213AEFF820491ECD0001D9F1 /* Utility.swift in Sources */,
			);
			runOnlyForDeploymentPostprocessing = 0;
		};
		2171C97820484DA0007BC4E9 /* Sources */ = {
			isa = PBXSourcesBuildPhase;
			buildActionMask = 2147483647;
			files = (
				2171C98120484DA0007BC4E9 /* ProfileTests.swift in Sources */,
			);
			runOnlyForDeploymentPostprocessing = 0;
		};
		2171C98320484DA0007BC4E9 /* Sources */ = {
			isa = PBXSourcesBuildPhase;
			buildActionMask = 2147483647;
			files = (
				2171C98C20484DA0007BC4E9 /* ProfileUITests.swift in Sources */,
			);
			runOnlyForDeploymentPostprocessing = 0;
		};
/* End PBXSourcesBuildPhase section */

/* Begin PBXTargetDependency section */
		2171C97E20484DA0007BC4E9 /* PBXTargetDependency */ = {
			isa = PBXTargetDependency;
			target = 2171C96720484DA0007BC4E9 /* Profile */;
			targetProxy = 2171C97D20484DA0007BC4E9 /* PBXContainerItemProxy */;
		};
		2171C98920484DA0007BC4E9 /* PBXTargetDependency */ = {
			isa = PBXTargetDependency;
			target = 2171C96720484DA0007BC4E9 /* Profile */;
			targetProxy = 2171C98820484DA0007BC4E9 /* PBXContainerItemProxy */;
		};
/* End PBXTargetDependency section */

/* Begin PBXVariantGroup section */
		2171C96F20484DA0007BC4E9 /* Main.storyboard */ = {
			isa = PBXVariantGroup;
			children = (
				2171C97020484DA0007BC4E9 /* Base */,
			);
			name = Main.storyboard;
			sourceTree = "<group>";
		};
		2171C97420484DA0007BC4E9 /* LaunchScreen.storyboard */ = {
			isa = PBXVariantGroup;
			children = (
				2171C97520484DA0007BC4E9 /* Base */,
			);
			name = LaunchScreen.storyboard;
			sourceTree = "<group>";
		};
/* End PBXVariantGroup section */

/* Begin XCBuildConfiguration section */
		2171C98E20484DA0007BC4E9 /* Debug */ = {
			isa = XCBuildConfiguration;
			buildSettings = {
				ALWAYS_SEARCH_USER_PATHS = NO;
				CLANG_ANALYZER_NONNULL = YES;
				CLANG_ANALYZER_NUMBER_OBJECT_CONVERSION = YES_AGGRESSIVE;
				CLANG_CXX_LANGUAGE_STANDARD = "gnu++14";
				CLANG_CXX_LIBRARY = "libc++";
				CLANG_ENABLE_MODULES = YES;
				CLANG_ENABLE_OBJC_ARC = YES;
				CLANG_WARN_BLOCK_CAPTURE_AUTORELEASING = YES;
				CLANG_WARN_BOOL_CONVERSION = YES;
				CLANG_WARN_COMMA = YES;
				CLANG_WARN_CONSTANT_CONVERSION = YES;
				CLANG_WARN_DIRECT_OBJC_ISA_USAGE = YES_ERROR;
				CLANG_WARN_DOCUMENTATION_COMMENTS = YES;
				CLANG_WARN_EMPTY_BODY = YES;
				CLANG_WARN_ENUM_CONVERSION = YES;
				CLANG_WARN_INFINITE_RECURSION = YES;
				CLANG_WARN_INT_CONVERSION = YES;
				CLANG_WARN_NON_LITERAL_NULL_CONVERSION = YES;
				CLANG_WARN_OBJC_LITERAL_CONVERSION = YES;
				CLANG_WARN_OBJC_ROOT_CLASS = YES_ERROR;
				CLANG_WARN_RANGE_LOOP_ANALYSIS = YES;
				CLANG_WARN_STRICT_PROTOTYPES = YES;
				CLANG_WARN_SUSPICIOUS_MOVE = YES;
				CLANG_WARN_UNGUARDED_AVAILABILITY = YES_AGGRESSIVE;
				CLANG_WARN_UNREACHABLE_CODE = YES;
				CLANG_WARN__DUPLICATE_METHOD_MATCH = YES;
				CODE_SIGN_IDENTITY = "iPhone Developer";
				COPY_PHASE_STRIP = NO;
				DEBUG_INFORMATION_FORMAT = dwarf;
				ENABLE_STRICT_OBJC_MSGSEND = YES;
				ENABLE_TESTABILITY = YES;
				GCC_C_LANGUAGE_STANDARD = gnu11;
				GCC_DYNAMIC_NO_PIC = NO;
				GCC_NO_COMMON_BLOCKS = YES;
				GCC_OPTIMIZATION_LEVEL = 0;
				GCC_PREPROCESSOR_DEFINITIONS = (
					"DEBUG=1",
					"$(inherited)",
				);
				GCC_WARN_64_TO_32_BIT_CONVERSION = YES;
				GCC_WARN_ABOUT_RETURN_TYPE = YES_ERROR;
				GCC_WARN_UNDECLARED_SELECTOR = YES;
				GCC_WARN_UNINITIALIZED_AUTOS = YES_AGGRESSIVE;
				GCC_WARN_UNUSED_FUNCTION = YES;
				GCC_WARN_UNUSED_VARIABLE = YES;
				IPHONEOS_DEPLOYMENT_TARGET = 11.1;
				MTL_ENABLE_DEBUG_INFO = YES;
				ONLY_ACTIVE_ARCH = YES;
				SDKROOT = iphoneos;
				SWIFT_ACTIVE_COMPILATION_CONDITIONS = DEBUG;
				SWIFT_OPTIMIZATION_LEVEL = "-Onone";
			};
			name = Debug;
		};
		2171C98F20484DA0007BC4E9 /* Release */ = {
			isa = XCBuildConfiguration;
			buildSettings = {
				ALWAYS_SEARCH_USER_PATHS = NO;
				CLANG_ANALYZER_NONNULL = YES;
				CLANG_ANALYZER_NUMBER_OBJECT_CONVERSION = YES_AGGRESSIVE;
				CLANG_CXX_LANGUAGE_STANDARD = "gnu++14";
				CLANG_CXX_LIBRARY = "libc++";
				CLANG_ENABLE_MODULES = YES;
				CLANG_ENABLE_OBJC_ARC = YES;
				CLANG_WARN_BLOCK_CAPTURE_AUTORELEASING = YES;
				CLANG_WARN_BOOL_CONVERSION = YES;
				CLANG_WARN_COMMA = YES;
				CLANG_WARN_CONSTANT_CONVERSION = YES;
				CLANG_WARN_DIRECT_OBJC_ISA_USAGE = YES_ERROR;
				CLANG_WARN_DOCUMENTATION_COMMENTS = YES;
				CLANG_WARN_EMPTY_BODY = YES;
				CLANG_WARN_ENUM_CONVERSION = YES;
				CLANG_WARN_INFINITE_RECURSION = YES;
				CLANG_WARN_INT_CONVERSION = YES;
				CLANG_WARN_NON_LITERAL_NULL_CONVERSION = YES;
				CLANG_WARN_OBJC_LITERAL_CONVERSION = YES;
				CLANG_WARN_OBJC_ROOT_CLASS = YES_ERROR;
				CLANG_WARN_RANGE_LOOP_ANALYSIS = YES;
				CLANG_WARN_STRICT_PROTOTYPES = YES;
				CLANG_WARN_SUSPICIOUS_MOVE = YES;
				CLANG_WARN_UNGUARDED_AVAILABILITY = YES_AGGRESSIVE;
				CLANG_WARN_UNREACHABLE_CODE = YES;
				CLANG_WARN__DUPLICATE_METHOD_MATCH = YES;
				CODE_SIGN_IDENTITY = "iPhone Developer";
				COPY_PHASE_STRIP = NO;
				DEBUG_INFORMATION_FORMAT = "dwarf-with-dsym";
				ENABLE_NS_ASSERTIONS = NO;
				ENABLE_STRICT_OBJC_MSGSEND = YES;
				GCC_C_LANGUAGE_STANDARD = gnu11;
				GCC_NO_COMMON_BLOCKS = YES;
				GCC_WARN_64_TO_32_BIT_CONVERSION = YES;
				GCC_WARN_ABOUT_RETURN_TYPE = YES_ERROR;
				GCC_WARN_UNDECLARED_SELECTOR = YES;
				GCC_WARN_UNINITIALIZED_AUTOS = YES_AGGRESSIVE;
				GCC_WARN_UNUSED_FUNCTION = YES;
				GCC_WARN_UNUSED_VARIABLE = YES;
				IPHONEOS_DEPLOYMENT_TARGET = 11.1;
				MTL_ENABLE_DEBUG_INFO = NO;
				SDKROOT = iphoneos;
				SWIFT_OPTIMIZATION_LEVEL = "-Owholemodule";
				VALIDATE_PRODUCT = YES;
			};
			name = Release;
		};
		2171C99120484DA0007BC4E9 /* Debug */ = {
			isa = XCBuildConfiguration;
			buildSettings = {
				ASSETCATALOG_COMPILER_APPICON_NAME = AppIcon;
				CLANG_ENABLE_MODULES = YES;
				CODE_SIGN_STYLE = Automatic;
				DEVELOPMENT_TEAM = "";
				INFOPLIST_FILE = Profile/Info.plist;
				LD_RUNPATH_SEARCH_PATHS = "$(inherited) @executable_path/Frameworks";
				PRODUCT_BUNDLE_IDENTIFIER = com.arnab.Profile;
				PRODUCT_NAME = "$(TARGET_NAME)";
				SWIFT_OBJC_BRIDGING_HEADER = "Profile/Reachability/Profile-Bridging-Header.h";
				SWIFT_OPTIMIZATION_LEVEL = "-Onone";
				SWIFT_VERSION = 4.0;
				TARGETED_DEVICE_FAMILY = "1,2";
			};
			name = Debug;
		};
		2171C99220484DA0007BC4E9 /* Release */ = {
			isa = XCBuildConfiguration;
			buildSettings = {
				ASSETCATALOG_COMPILER_APPICON_NAME = AppIcon;
				CLANG_ENABLE_MODULES = YES;
				CODE_SIGN_STYLE = Automatic;
				DEVELOPMENT_TEAM = "";
				INFOPLIST_FILE = Profile/Info.plist;
				LD_RUNPATH_SEARCH_PATHS = "$(inherited) @executable_path/Frameworks";
				PRODUCT_BUNDLE_IDENTIFIER = com.arnab.Profile;
				PRODUCT_NAME = "$(TARGET_NAME)";
				SWIFT_OBJC_BRIDGING_HEADER = "Profile/Reachability/Profile-Bridging-Header.h";
				SWIFT_VERSION = 4.0;
				TARGETED_DEVICE_FAMILY = "1,2";
			};
			name = Release;
		};
		2171C99420484DA0007BC4E9 /* Debug */ = {
			isa = XCBuildConfiguration;
			buildSettings = {
				ALWAYS_EMBED_SWIFT_STANDARD_LIBRARIES = YES;
				BUNDLE_LOADER = "$(TEST_HOST)";
				CODE_SIGN_STYLE = Automatic;
				INFOPLIST_FILE = ProfileTests/Info.plist;
				LD_RUNPATH_SEARCH_PATHS = "$(inherited) @executable_path/Frameworks @loader_path/Frameworks";
				PRODUCT_BUNDLE_IDENTIFIER = com.arnab.ProfileTests;
				PRODUCT_NAME = "$(TARGET_NAME)";
				SWIFT_VERSION = 4.0;
				TARGETED_DEVICE_FAMILY = "1,2";
				TEST_HOST = "$(BUILT_PRODUCTS_DIR)/Profile.app/Profile";
			};
			name = Debug;
		};
		2171C99520484DA0007BC4E9 /* Release */ = {
			isa = XCBuildConfiguration;
			buildSettings = {
				ALWAYS_EMBED_SWIFT_STANDARD_LIBRARIES = YES;
				BUNDLE_LOADER = "$(TEST_HOST)";
				CODE_SIGN_STYLE = Automatic;
				INFOPLIST_FILE = ProfileTests/Info.plist;
				LD_RUNPATH_SEARCH_PATHS = "$(inherited) @executable_path/Frameworks @loader_path/Frameworks";
				PRODUCT_BUNDLE_IDENTIFIER = com.arnab.ProfileTests;
				PRODUCT_NAME = "$(TARGET_NAME)";
				SWIFT_VERSION = 4.0;
				TARGETED_DEVICE_FAMILY = "1,2";
				TEST_HOST = "$(BUILT_PRODUCTS_DIR)/Profile.app/Profile";
			};
			name = Release;
		};
		2171C99720484DA0007BC4E9 /* Debug */ = {
			isa = XCBuildConfiguration;
			buildSettings = {
				ALWAYS_EMBED_SWIFT_STANDARD_LIBRARIES = YES;
				CODE_SIGN_STYLE = Automatic;
				INFOPLIST_FILE = ProfileUITests/Info.plist;
				LD_RUNPATH_SEARCH_PATHS = "$(inherited) @executable_path/Frameworks @loader_path/Frameworks";
				PRODUCT_BUNDLE_IDENTIFIER = com.arnab.ProfileUITests;
				PRODUCT_NAME = "$(TARGET_NAME)";
				SWIFT_VERSION = 4.0;
				TARGETED_DEVICE_FAMILY = "1,2";
				TEST_TARGET_NAME = Profile;
			};
			name = Debug;
		};
		2171C99820484DA0007BC4E9 /* Release */ = {
			isa = XCBuildConfiguration;
			buildSettings = {
				ALWAYS_EMBED_SWIFT_STANDARD_LIBRARIES = YES;
				CODE_SIGN_STYLE = Automatic;
				INFOPLIST_FILE = ProfileUITests/Info.plist;
				LD_RUNPATH_SEARCH_PATHS = "$(inherited) @executable_path/Frameworks @loader_path/Frameworks";
				PRODUCT_BUNDLE_IDENTIFIER = com.arnab.ProfileUITests;
				PRODUCT_NAME = "$(TARGET_NAME)";
				SWIFT_VERSION = 4.0;
				TARGETED_DEVICE_FAMILY = "1,2";
				TEST_TARGET_NAME = Profile;
			};
			name = Release;
		};
/* End XCBuildConfiguration section */

/* Begin XCConfigurationList section */
		2171C96320484D9F007BC4E9 /* Build configuration list for PBXProject "Profile" */ = {
			isa = XCConfigurationList;
			buildConfigurations = (
				2171C98E20484DA0007BC4E9 /* Debug */,
				2171C98F20484DA0007BC4E9 /* Release */,
			);
			defaultConfigurationIsVisible = 0;
			defaultConfigurationName = Release;
		};
		2171C99020484DA0007BC4E9 /* Build configuration list for PBXNativeTarget "Profile" */ = {
			isa = XCConfigurationList;
			buildConfigurations = (
				2171C99120484DA0007BC4E9 /* Debug */,
				2171C99220484DA0007BC4E9 /* Release */,
			);
			defaultConfigurationIsVisible = 0;
			defaultConfigurationName = Release;
		};
		2171C99320484DA0007BC4E9 /* Build configuration list for PBXNativeTarget "ProfileTests" */ = {
			isa = XCConfigurationList;
			buildConfigurations = (
				2171C99420484DA0007BC4E9 /* Debug */,
				2171C99520484DA0007BC4E9 /* Release */,
			);
			defaultConfigurationIsVisible = 0;
			defaultConfigurationName = Release;
		};
		2171C99620484DA0007BC4E9 /* Build configuration list for PBXNativeTarget "ProfileUITests" */ = {
			isa = XCConfigurationList;
			buildConfigurations = (
				2171C99720484DA0007BC4E9 /* Debug */,
				2171C99820484DA0007BC4E9 /* Release */,
			);
			defaultConfigurationIsVisible = 0;
			defaultConfigurationName = Release;
		};
/* End XCConfigurationList section */
	};
	rootObject = 2171C96020484D9F007BC4E9 /* Project object */;
}
